
Microsoft Visual Studio Solution File, Format Version 12.00
# Visual Studio Version 16
VisualStudioVersion = 16.0.28803.352
MinimumVisualStudioVersion = 10.0.40219.1
Project("{9A19103F-16F7-4668-BE54-9A1E7A4F7556}") = "DatingApp.API", "DatingApp.API.csproj", "{E1AB90B7-5297-4DBD-BD3F-87D187B46BE9}"
EndProject
Global
	GlobalSection(SolutionConfigurationPlatforms) = preSolution
		Debug|Any CPU = Debug|Any CPU
		Release|Any CPU = Release|Any CPU
	EndGlobalSection
	GlobalSection(ProjectConfigurationPlatforms) = postSolution
		{E1AB90B7-5297-4DBD-BD3F-87D187B46BE9}.Debug|Any CPU.ActiveCfg = Debug|Any CPU
		{E1AB90B7-5297-4DBD-BD3F-87D187B46BE9}.Debug|Any CPU.Build.0 = Debug|Any CPU
		{E1AB90B7-5297-4DBD-BD3F-87D187B46BE9}.Release|Any CPU.ActiveCfg = Release|Any CPU
		{E1AB90B7-5297-4DBD-BD3F-87D187B46BE9}.Release|Any CPU.Build.0 = Release|Any CPU
	EndGlobalSection
	GlobalSection(SolutionProperties) = preSolution
		HideSolutionNode = FALSE
	EndGlobalSection
	GlobalSection(ExtensibilityGlobals) = postSolution
		SolutionGuid = {7842FF33-25B5-4069-8AFB-741BF358378C}
	EndGlobalSection
EndGlobal
